// !$*UTF8*$!
{
	archiveVersion = 1;
	classes = {
	};
	objectVersion = 46;
	objects = {

/* Begin PBXBuildFile section */
		E43B664E1CDD124100406710 /* Assets.xcassets in Resources */ = {isa = PBXBuildFile; fileRef = E43B664D1CDD124100406710 /* Assets.xcassets */; };
		E43B66511CDD124100406710 /* LaunchScreen.storyboard in Resources */ = {isa = PBXBuildFile; fileRef = E43B664F1CDD124100406710 /* LaunchScreen.storyboard */; };
		E43B665C1CDD124100406710 /* OstModernAppTests.m in Sources */ = {isa = PBXBuildFile; fileRef = E43B665B1CDD124100406710 /* OstModernAppTests.m */; };
		E43B66671CDD124100406710 /* OstModernAppUITests.m in Sources */ = {isa = PBXBuildFile; fileRef = E43B66661CDD124100406710 /* OstModernAppUITests.m */; };
		E43B667A1CDD142200406710 /* OMConnectionManager.m in Sources */ = {isa = PBXBuildFile; fileRef = E43B66791CDD142200406710 /* OMConnectionManager.m */; };
		E43B667E1CDD143E00406710 /* AppDelegate.m in Sources */ = {isa = PBXBuildFile; fileRef = E43B667C1CDD143E00406710 /* AppDelegate.m */; };
		E43B667F1CDD143E00406710 /* main.m in Sources */ = {isa = PBXBuildFile; fileRef = E43B667D1CDD143E00406710 /* main.m */; };
		E43B66851CDD152900406710 /* HomeViewController.m in Sources */ = {isa = PBXBuildFile; fileRef = E43B66841CDD152900406710 /* HomeViewController.m */; };
		E4E738981CE27ACC000B7567 /* OMSetViewCell.m in Sources */ = {isa = PBXBuildFile; fileRef = E4E738961CE27ACC000B7567 /* OMSetViewCell.m */; };
		E4E738991CE27ACC000B7567 /* OMSetViewCell.xib in Resources */ = {isa = PBXBuildFile; fileRef = E4E738971CE27ACC000B7567 /* OMSetViewCell.xib */; };
		E4E7389C1CE282C2000B7567 /* OMSet.m in Sources */ = {isa = PBXBuildFile; fileRef = E4E7389B1CE282C2000B7567 /* OMSet.m */; };
		E4E7389F1CE28ED8000B7567 /* Main.storyboard in Resources */ = {isa = PBXBuildFile; fileRef = E4E7389D1CE28ED8000B7567 /* Main.storyboard */; };
		E4E738A61CE3DD2E000B7567 /* OMEpisodeViewController.m in Sources */ = {isa = PBXBuildFile; fileRef = E4E738A41CE3DD2E000B7567 /* OMEpisodeViewController.m */; };
		E4E738AB1CE3DE77000B7567 /* OMEpisodeCell.m in Sources */ = {isa = PBXBuildFile; fileRef = E4E738A91CE3DE77000B7567 /* OMEpisodeCell.m */; };
		E4E738AC1CE3DE77000B7567 /* OMEpisodeCell.xib in Resources */ = {isa = PBXBuildFile; fileRef = E4E738AA1CE3DE77000B7567 /* OMEpisodeCell.xib */; };
		E4E738AF1CE3E514000B7567 /* OMEpisode.m in Sources */ = {isa = PBXBuildFile; fileRef = E4E738AE1CE3E514000B7567 /* OMEpisode.m */; };
/* End PBXBuildFile section */

/* Begin PBXContainerItemProxy section */
		E43B66581CDD124100406710 /* PBXContainerItemProxy */ = {
			isa = PBXContainerItemProxy;
			containerPortal = E43B66361CDD124100406710 /* Project object */;
			proxyType = 1;
			remoteGlobalIDString = E43B663D1CDD124100406710;
			remoteInfo = OstModernApp;
		};
		E43B66631CDD124100406710 /* PBXContainerItemProxy */ = {
			isa = PBXContainerItemProxy;
			containerPortal = E43B66361CDD124100406710 /* Project object */;
			proxyType = 1;
			remoteGlobalIDString = E43B663D1CDD124100406710;
			remoteInfo = OstModernApp;
		};
/* End PBXContainerItemProxy section */

/* Begin PBXFileReference section */
		E43B663E1CDD124100406710 /* OstModernApp.app */ = {isa = PBXFileReference; explicitFileType = wrapper.application; includeInIndex = 0; path = OstModernApp.app; sourceTree = BUILT_PRODUCTS_DIR; };
		E43B664D1CDD124100406710 /* Assets.xcassets */ = {isa = PBXFileReference; lastKnownFileType = folder.assetcatalog; path = Assets.xcassets; sourceTree = "<group>"; };
		E43B66501CDD124100406710 /* Base */ = {isa = PBXFileReference; lastKnownFileType = file.storyboard; name = Base; path = Base.lproj/LaunchScreen.storyboard; sourceTree = "<group>"; };
		E43B66521CDD124100406710 /* Info.plist */ = {isa = PBXFileReference; lastKnownFileType = text.plist.xml; path = Info.plist; sourceTree = "<group>"; };
		E43B66571CDD124100406710 /* OstModernAppTests.xctest */ = {isa = PBXFileReference; explicitFileType = wrapper.cfbundle; includeInIndex = 0; path = OstModernAppTests.xctest; sourceTree = BUILT_PRODUCTS_DIR; };
		E43B665B1CDD124100406710 /* OstModernAppTests.m */ = {isa = PBXFileReference; lastKnownFileType = sourcecode.c.objc; path = OstModernAppTests.m; sourceTree = "<group>"; };
		E43B665D1CDD124100406710 /* Info.plist */ = {isa = PBXFileReference; lastKnownFileType = text.plist.xml; path = Info.plist; sourceTree = "<group>"; };
		E43B66621CDD124100406710 /* OstModernAppUITests.xctest */ = {isa = PBXFileReference; explicitFileType = wrapper.cfbundle; includeInIndex = 0; path = OstModernAppUITests.xctest; sourceTree = BUILT_PRODUCTS_DIR; };
		E43B66661CDD124100406710 /* OstModernAppUITests.m */ = {isa = PBXFileReference; lastKnownFileType = sourcecode.c.objc; path = OstModernAppUITests.m; sourceTree = "<group>"; };
		E43B66681CDD124100406710 /* Info.plist */ = {isa = PBXFileReference; lastKnownFileType = text.plist.xml; path = Info.plist; sourceTree = "<group>"; };
		E43B66781CDD142200406710 /* OMConnectionManager.h */ = {isa = PBXFileReference; fileEncoding = 4; lastKnownFileType = sourcecode.c.h; name = OMConnectionManager.h; path = Models/OMConnectionManager.h; sourceTree = "<group>"; };
		E43B66791CDD142200406710 /* OMConnectionManager.m */ = {isa = PBXFileReference; fileEncoding = 4; lastKnownFileType = sourcecode.c.objc; name = OMConnectionManager.m; path = Models/OMConnectionManager.m; sourceTree = "<group>"; };
		E43B667B1CDD143E00406710 /* AppDelegate.h */ = {isa = PBXFileReference; fileEncoding = 4; lastKnownFileType = sourcecode.c.h; name = AppDelegate.h; path = Application/AppDelegate.h; sourceTree = "<group>"; };
		E43B667C1CDD143E00406710 /* AppDelegate.m */ = {isa = PBXFileReference; fileEncoding = 4; lastKnownFileType = sourcecode.c.objc; name = AppDelegate.m; path = Application/AppDelegate.m; sourceTree = "<group>"; };
		E43B667D1CDD143E00406710 /* main.m */ = {isa = PBXFileReference; fileEncoding = 4; lastKnownFileType = sourcecode.c.objc; name = main.m; path = Application/main.m; sourceTree = "<group>"; };
		E43B66831CDD152900406710 /* HomeViewController.h */ = {isa = PBXFileReference; fileEncoding = 4; lastKnownFileType = sourcecode.c.h; name = HomeViewController.h; path = Controllers/HomeViewController.h; sourceTree = "<group>"; };
		E43B66841CDD152900406710 /* HomeViewController.m */ = {isa = PBXFileReference; fileEncoding = 4; lastKnownFileType = sourcecode.c.objc; name = HomeViewController.m; path = Controllers/HomeViewController.m; sourceTree = "<group>"; };
		E4E738951CE27ACC000B7567 /* OMSetViewCell.h */ = {isa = PBXFileReference; fileEncoding = 4; lastKnownFileType = sourcecode.c.h; name = OMSetViewCell.h; path = Views/OMSetViewCell.h; sourceTree = "<group>"; };
		E4E738961CE27ACC000B7567 /* OMSetViewCell.m */ = {isa = PBXFileReference; fileEncoding = 4; lastKnownFileType = sourcecode.c.objc; name = OMSetViewCell.m; path = Views/OMSetViewCell.m; sourceTree = "<group>"; };
		E4E738971CE27ACC000B7567 /* OMSetViewCell.xib */ = {isa = PBXFileReference; fileEncoding = 4; lastKnownFileType = file.xib; name = OMSetViewCell.xib; path = Views/OMSetViewCell.xib; sourceTree = "<group>"; };
		E4E7389A1CE282C2000B7567 /* OMSet.h */ = {isa = PBXFileReference; fileEncoding = 4; lastKnownFileType = sourcecode.c.h; name = OMSet.h; path = Models/OMSet.h; sourceTree = "<group>"; };
		E4E7389B1CE282C2000B7567 /* OMSet.m */ = {isa = PBXFileReference; fileEncoding = 4; lastKnownFileType = sourcecode.c.objc; name = OMSet.m; path = Models/OMSet.m; sourceTree = "<group>"; };
		E4E7389E1CE28ED8000B7567 /* Base */ = {isa = PBXFileReference; lastKnownFileType = file.storyboard; name = Base; path = Base.lproj/Main.storyboard; sourceTree = "<group>"; };
		E4E738A31CE3DD2E000B7567 /* OMEpisodeViewController.h */ = {isa = PBXFileReference; fileEncoding = 4; lastKnownFileType = sourcecode.c.h; name = OMEpisodeViewController.h; path = Controllers/OMEpisodeViewController.h; sourceTree = "<group>"; };
		E4E738A41CE3DD2E000B7567 /* OMEpisodeViewController.m */ = {isa = PBXFileReference; fileEncoding = 4; lastKnownFileType = sourcecode.c.objc; name = OMEpisodeViewController.m; path = Controllers/OMEpisodeViewController.m; sourceTree = "<group>"; };
		E4E738A81CE3DE77000B7567 /* OMEpisodeCell.h */ = {isa = PBXFileReference; fileEncoding = 4; lastKnownFileType = sourcecode.c.h; name = OMEpisodeCell.h; path = Views/OMEpisodeCell.h; sourceTree = "<group>"; };
		E4E738A91CE3DE77000B7567 /* OMEpisodeCell.m */ = {isa = PBXFileReference; fileEncoding = 4; lastKnownFileType = sourcecode.c.objc; name = OMEpisodeCell.m; path = Views/OMEpisodeCell.m; sourceTree = "<group>"; };
		E4E738AA1CE3DE77000B7567 /* OMEpisodeCell.xib */ = {isa = PBXFileReference; fileEncoding = 4; lastKnownFileType = file.xib; name = OMEpisodeCell.xib; path = Views/OMEpisodeCell.xib; sourceTree = "<group>"; };
		E4E738AD1CE3E514000B7567 /* OMEpisode.h */ = {isa = PBXFileReference; fileEncoding = 4; lastKnownFileType = sourcecode.c.h; name = OMEpisode.h; path = Models/OMEpisode.h; sourceTree = "<group>"; };
		E4E738AE1CE3E514000B7567 /* OMEpisode.m */ = {isa = PBXFileReference; fileEncoding = 4; lastKnownFileType = sourcecode.c.objc; name = OMEpisode.m; path = Models/OMEpisode.m; sourceTree = "<group>"; };
		E4E738B01CE3ECD2000B7567 /* OMSetDataProtocol.h */ = {isa = PBXFileReference; lastKnownFileType = sourcecode.c.h; name = OMSetDataProtocol.h; path = Models/OMSetDataProtocol.h; sourceTree = "<group>"; };
/* End PBXFileReference section */

/* Begin PBXFrameworksBuildPhase section */
		E43B663B1CDD124100406710 /* Frameworks */ = {
			isa = PBXFrameworksBuildPhase;
			buildActionMask = 2147483647;
			files = (
			);
			runOnlyForDeploymentPostprocessing = 0;
		};
		E43B66541CDD124100406710 /* Frameworks */ = {
			isa = PBXFrameworksBuildPhase;
			buildActionMask = 2147483647;
			files = (
			);
			runOnlyForDeploymentPostprocessing = 0;
		};
		E43B665F1CDD124100406710 /* Frameworks */ = {
			isa = PBXFrameworksBuildPhase;
			buildActionMask = 2147483647;
			files = (
			);
			runOnlyForDeploymentPostprocessing = 0;
		};
/* End PBXFrameworksBuildPhase section */

/* Begin PBXGroup section */
		E43B66351CDD124100406710 = {
			isa = PBXGroup;
			children = (
				E43B66401CDD124100406710 /* OstModernApp */,
				E43B665A1CDD124100406710 /* OstModernAppTests */,
				E43B66651CDD124100406710 /* OstModernAppUITests */,
				E43B663F1CDD124100406710 /* Products */,
			);
			sourceTree = "<group>";
		};
		E43B663F1CDD124100406710 /* Products */ = {
			isa = PBXGroup;
			children = (
				E43B663E1CDD124100406710 /* OstModernApp.app */,
				E43B66571CDD124100406710 /* OstModernAppTests.xctest */,
				E43B66621CDD124100406710 /* OstModernAppUITests.xctest */,
			);
			name = Products;
			sourceTree = "<group>";
		};
		E43B66401CDD124100406710 /* OstModernApp */ = {
			isa = PBXGroup;
			children = (
				E43B66741CDD12B100406710 /* Application */,
				E43B66751CDD12BB00406710 /* Controllers */,
				E43B66761CDD12CE00406710 /* Models */,
				E43B66771CDD12D600406710 /* Views */,
				E43B664D1CDD124100406710 /* Assets.xcassets */,
				E43B66411CDD124100406710 /* Supporting Files */,
			);
			path = OstModernApp;
			sourceTree = "<group>";
		};
		E43B66411CDD124100406710 /* Supporting Files */ = {
			isa = PBXGroup;
			children = (
				E43B66521CDD124100406710 /* Info.plist */,
			);
			name = "Supporting Files";
			sourceTree = "<group>";
		};
		E43B665A1CDD124100406710 /* OstModernAppTests */ = {
			isa = PBXGroup;
			children = (
				E43B665B1CDD124100406710 /* OstModernAppTests.m */,
				E43B665D1CDD124100406710 /* Info.plist */,
			);
			path = OstModernAppTests;
			sourceTree = "<group>";
		};
		E43B66651CDD124100406710 /* OstModernAppUITests */ = {
			isa = PBXGroup;
			children = (
				E43B66661CDD124100406710 /* OstModernAppUITests.m */,
				E43B66681CDD124100406710 /* Info.plist */,
			);
			path = OstModernAppUITests;
			sourceTree = "<group>";
		};
		E43B66741CDD12B100406710 /* Application */ = {
			isa = PBXGroup;
			children = (
				E43B667B1CDD143E00406710 /* AppDelegate.h */,
				E43B667C1CDD143E00406710 /* AppDelegate.m */,
				E43B667D1CDD143E00406710 /* main.m */,
				E43B664F1CDD124100406710 /* LaunchScreen.storyboard */,
				E4E7389D1CE28ED8000B7567 /* Main.storyboard */,
			);
			name = Application;
			sourceTree = "<group>";
		};
		E43B66751CDD12BB00406710 /* Controllers */ = {
			isa = PBXGroup;
			children = (
				E43B66831CDD152900406710 /* HomeViewController.h */,
				E43B66841CDD152900406710 /* HomeViewController.m */,
				E4E738A31CE3DD2E000B7567 /* OMEpisodeViewController.h */,
				E4E738A41CE3DD2E000B7567 /* OMEpisodeViewController.m */,
			);
			name = Controllers;
			sourceTree = "<group>";
		};
		E43B66761CDD12CE00406710 /* Models */ = {
			isa = PBXGroup;
			children = (
				E4E738B01CE3ECD2000B7567 /* OMSetDataProtocol.h */,
				E43B66781CDD142200406710 /* OMConnectionManager.h */,
				E43B66791CDD142200406710 /* OMConnectionManager.m */,
				E4E7389A1CE282C2000B7567 /* OMSet.h */,
				E4E7389B1CE282C2000B7567 /* OMSet.m */,
				E4E738AD1CE3E514000B7567 /* OMEpisode.h */,
				E4E738AE1CE3E514000B7567 /* OMEpisode.m */,
			);
			name = Models;
			sourceTree = "<group>";
		};
		E43B66771CDD12D600406710 /* Views */ = {
			isa = PBXGroup;
			children = (
				E4E738951CE27ACC000B7567 /* OMSetViewCell.h */,
				E4E738961CE27ACC000B7567 /* OMSetViewCell.m */,
				E4E738971CE27ACC000B7567 /* OMSetViewCell.xib */,
				E4E738A81CE3DE77000B7567 /* OMEpisodeCell.h */,
				E4E738A91CE3DE77000B7567 /* OMEpisodeCell.m */,
				E4E738AA1CE3DE77000B7567 /* OMEpisodeCell.xib */,
			);
			name = Views;
			sourceTree = "<group>";
		};
/* End PBXGroup section */

/* Begin PBXNativeTarget section */
		E43B663D1CDD124100406710 /* OstModernApp */ = {
			isa = PBXNativeTarget;
			buildConfigurationList = E43B666B1CDD124100406710 /* Build configuration list for PBXNativeTarget "OstModernApp" */;
			buildPhases = (
				E43B663A1CDD124100406710 /* Sources */,
				E43B663B1CDD124100406710 /* Frameworks */,
				E43B663C1CDD124100406710 /* Resources */,
			);
			buildRules = (
			);
			dependencies = (
			);
			name = OstModernApp;
			productName = OstModernApp;
			productReference = E43B663E1CDD124100406710 /* OstModernApp.app */;
			productType = "com.apple.product-type.application";
		};
		E43B66561CDD124100406710 /* OstModernAppTests */ = {
			isa = PBXNativeTarget;
			buildConfigurationList = E43B666E1CDD124100406710 /* Build configuration list for PBXNativeTarget "OstModernAppTests" */;
			buildPhases = (
				E43B66531CDD124100406710 /* Sources */,
				E43B66541CDD124100406710 /* Frameworks */,
				E43B66551CDD124100406710 /* Resources */,
			);
			buildRules = (
			);
			dependencies = (
				E43B66591CDD124100406710 /* PBXTargetDependency */,
			);
			name = OstModernAppTests;
			productName = OstModernAppTests;
			productReference = E43B66571CDD124100406710 /* OstModernAppTests.xctest */;
			productType = "com.apple.product-type.bundle.unit-test";
		};
		E43B66611CDD124100406710 /* OstModernAppUITests */ = {
			isa = PBXNativeTarget;
			buildConfigurationList = E43B66711CDD124100406710 /* Build configuration list for PBXNativeTarget "OstModernAppUITests" */;
			buildPhases = (
				E43B665E1CDD124100406710 /* Sources */,
				E43B665F1CDD124100406710 /* Frameworks */,
				E43B66601CDD124100406710 /* Resources */,
			);
			buildRules = (
			);
			dependencies = (
				E43B66641CDD124100406710 /* PBXTargetDependency */,
			);
			name = OstModernAppUITests;
			productName = OstModernAppUITests;
			productReference = E43B66621CDD124100406710 /* OstModernAppUITests.xctest */;
			productType = "com.apple.product-type.bundle.ui-testing";
		};
/* End PBXNativeTarget section */

/* Begin PBXProject section */
		E43B66361CDD124100406710 /* Project object */ = {
			isa = PBXProject;
			attributes = {
				LastUpgradeCheck = 0730;
				ORGANIZATIONNAME = "Guowei Mo";
				TargetAttributes = {
					E43B663D1CDD124100406710 = {
						CreatedOnToolsVersion = 7.3;
						DevelopmentTeam = 85E95GUN27;
					};
					E43B66561CDD124100406710 = {
						CreatedOnToolsVersion = 7.3;
						DevelopmentTeam = 6CN522LZF3;
						TestTargetID = E43B663D1CDD124100406710;
					};
					E43B66611CDD124100406710 = {
						CreatedOnToolsVersion = 7.3;
						DevelopmentTeam = 6CN522LZF3;
						TestTargetID = E43B663D1CDD124100406710;
					};
				};
			};
			buildConfigurationList = E43B66391CDD124100406710 /* Build configuration list for PBXProject "OstModernApp" */;
			compatibilityVersion = "Xcode 3.2";
			developmentRegion = English;
			hasScannedForEncodings = 0;
			knownRegions = (
				en,
				Base,
			);
			mainGroup = E43B66351CDD124100406710;
			productRefGroup = E43B663F1CDD124100406710 /* Products */;
			projectDirPath = "";
			projectRoot = "";
			targets = (
				E43B663D1CDD124100406710 /* OstModernApp */,
				E43B66561CDD124100406710 /* OstModernAppTests */,
				E43B66611CDD124100406710 /* OstModernAppUITests */,
			);
		};
/* End PBXProject section */

/* Begin PBXResourcesBuildPhase section */
		E43B663C1CDD124100406710 /* Resources */ = {
			isa = PBXResourcesBuildPhase;
			buildActionMask = 2147483647;
			files = (
				E43B66511CDD124100406710 /* LaunchScreen.storyboard in Resources */,
				E4E738AC1CE3DE77000B7567 /* OMEpisodeCell.xib in Resources */,
				E4E738991CE27ACC000B7567 /* OMSetViewCell.xib in Resources */,
				E43B664E1CDD124100406710 /* Assets.xcassets in Resources */,
				E4E7389F1CE28ED8000B7567 /* Main.storyboard in Resources */,
			);
			runOnlyForDeploymentPostprocessing = 0;
		};
		E43B66551CDD124100406710 /* Resources */ = {
			isa = PBXResourcesBuildPhase;
			buildActionMask = 2147483647;
			files = (
			);
			runOnlyForDeploymentPostprocessing = 0;
		};
		E43B66601CDD124100406710 /* Resources */ = {
			isa = PBXResourcesBuildPhase;
			buildActionMask = 2147483647;
			files = (
			);
			runOnlyForDeploymentPostprocessing = 0;
		};
/* End PBXResourcesBuildPhase section */

/* Begin PBXSourcesBuildPhase section */
		E43B663A1CDD124100406710 /* Sources */ = {
			isa = PBXSourcesBuildPhase;
			buildActionMask = 2147483647;
			files = (
				E4E738A61CE3DD2E000B7567 /* OMEpisodeViewController.m in Sources */,
				E43B66851CDD152900406710 /* HomeViewController.m in Sources */,
				E4E738981CE27ACC000B7567 /* OMSetViewCell.m in Sources */,
				E4E738AB1CE3DE77000B7567 /* OMEpisodeCell.m in Sources */,
				E43B667A1CDD142200406710 /* OMConnectionManager.m in Sources */,
				E43B667F1CDD143E00406710 /* main.m in Sources */,
				E4E738AF1CE3E514000B7567 /* OMEpisode.m in Sources */,
				E43B667E1CDD143E00406710 /* AppDelegate.m in Sources */,
				E4E7389C1CE282C2000B7567 /* OMSet.m in Sources */,
			);
			runOnlyForDeploymentPostprocessing = 0;
		};
		E43B66531CDD124100406710 /* Sources */ = {
			isa = PBXSourcesBuildPhase;
			buildActionMask = 2147483647;
			files = (
				E43B665C1CDD124100406710 /* OstModernAppTests.m in Sources */,
			);
			runOnlyForDeploymentPostprocessing = 0;
		};
		E43B665E1CDD124100406710 /* Sources */ = {
			isa = PBXSourcesBuildPhase;
			buildActionMask = 2147483647;
			files = (
				E43B66671CDD124100406710 /* OstModernAppUITests.m in Sources */,
			);
			runOnlyForDeploymentPostprocessing = 0;
		};
/* End PBXSourcesBuildPhase section */

/* Begin PBXTargetDependency section */
		E43B66591CDD124100406710 /* PBXTargetDependency */ = {
			isa = PBXTargetDependency;
			target = E43B663D1CDD124100406710 /* OstModernApp */;
			targetProxy = E43B66581CDD124100406710 /* PBXContainerItemProxy */;
		};
		E43B66641CDD124100406710 /* PBXTargetDependency */ = {
			isa = PBXTargetDependency;
			target = E43B663D1CDD124100406710 /* OstModernApp */;
			targetProxy = E43B66631CDD124100406710 /* PBXContainerItemProxy */;
		};
/* End PBXTargetDependency section */

/* Begin PBXVariantGroup section */
		E43B664F1CDD124100406710 /* LaunchScreen.storyboard */ = {
			isa = PBXVariantGroup;
			children = (
				E43B66501CDD124100406710 /* Base */,
			);
			name = LaunchScreen.storyboard;
			sourceTree = "<group>";
		};
		E4E7389D1CE28ED8000B7567 /* Main.storyboard */ = {
			isa = PBXVariantGroup;
			children = (
				E4E7389E1CE28ED8000B7567 /* Base */,
			);
			name = Main.storyboard;
			sourceTree = "<group>";
		};
/* End PBXVariantGroup section */

/* Begin XCBuildConfiguration section */
		E43B66691CDD124100406710 /* Debug */ = {
			isa = XCBuildConfiguration;
			buildSettings = {
				ALWAYS_SEARCH_USER_PATHS = NO;
				CLANG_ANALYZER_NONNULL = YES;
				CLANG_CXX_LANGUAGE_STANDARD = "gnu++0x";
				CLANG_CXX_LIBRARY = "libc++";
				CLANG_ENABLE_MODULES = YES;
				CLANG_ENABLE_OBJC_ARC = YES;
				CLANG_WARN_BOOL_CONVERSION = YES;
				CLANG_WARN_CONSTANT_CONVERSION = YES;
				CLANG_WARN_DIRECT_OBJC_ISA_USAGE = YES_ERROR;
				CLANG_WARN_EMPTY_BODY = YES;
				CLANG_WARN_ENUM_CONVERSION = YES;
				CLANG_WARN_INT_CONVERSION = YES;
				CLANG_WARN_OBJC_ROOT_CLASS = YES_ERROR;
				CLANG_WARN_UNREACHABLE_CODE = YES;
				CLANG_WARN__DUPLICATE_METHOD_MATCH = YES;
				"CODE_SIGN_IDENTITY[sdk=iphoneos*]" = "iPhone Developer";
				COPY_PHASE_STRIP = NO;
				DEBUG_INFORMATION_FORMAT = dwarf;
				ENABLE_STRICT_OBJC_MSGSEND = YES;
				ENABLE_TESTABILITY = YES;
				GCC_C_LANGUAGE_STANDARD = gnu99;
				GCC_DYNAMIC_NO_PIC = NO;
				GCC_NO_COMMON_BLOCKS = YES;
				GCC_OPTIMIZATION_LEVEL = 0;
				GCC_PREPROCESSOR_DEFINITIONS = (
					"DEBUG=1",
					"$(inherited)",
				);
				GCC_WARN_64_TO_32_BIT_CONVERSION = YES;
				GCC_WARN_ABOUT_RETURN_TYPE = YES_ERROR;
				GCC_WARN_UNDECLARED_SELECTOR = YES;
				GCC_WARN_UNINITIALIZED_AUTOS = YES_AGGRESSIVE;
				GCC_WARN_UNUSED_FUNCTION = YES;
				GCC_WARN_UNUSED_VARIABLE = YES;
				IPHONEOS_DEPLOYMENT_TARGET = 9.3;
				MTL_ENABLE_DEBUG_INFO = YES;
				ONLY_ACTIVE_ARCH = YES;
				SDKROOT = iphoneos;
			};
			name = Debug;
		};
		E43B666A1CDD124100406710 /* Release */ = {
			isa = XCBuildConfiguration;
			buildSettings = {
				ALWAYS_SEARCH_USER_PATHS = NO;
				CLANG_ANALYZER_NONNULL = YES;
				CLANG_CXX_LANGUAGE_STANDARD = "gnu++0x";
				CLANG_CXX_LIBRARY = "libc++";
				CLANG_ENABLE_MODULES = YES;
				CLANG_ENABLE_OBJC_ARC = YES;
				CLANG_WARN_BOOL_CONVERSION = YES;
				CLANG_WARN_CONSTANT_CONVERSION = YES;
				CLANG_WARN_DIRECT_OBJC_ISA_USAGE = YES_ERROR;
				CLANG_WARN_EMPTY_BODY = YES;
				CLANG_WARN_ENUM_CONVERSION = YES;
				CLANG_WARN_INT_CONVERSION = YES;
				CLANG_WARN_OBJC_ROOT_CLASS = YES_ERROR;
				CLANG_WARN_UNREACHABLE_CODE = YES;
				CLANG_WARN__DUPLICATE_METHOD_MATCH = YES;
				"CODE_SIGN_IDENTITY[sdk=iphoneos*]" = "iPhone Developer";
				COPY_PHASE_STRIP = NO;
				DEBUG_INFORMATION_FORMAT = "dwarf-with-dsym";
				ENABLE_NS_ASSERTIONS = NO;
				ENABLE_STRICT_OBJC_MSGSEND = YES;
				GCC_C_LANGUAGE_STANDARD = gnu99;
				GCC_NO_COMMON_BLOCKS = YES;
				GCC_WARN_64_TO_32_BIT_CONVERSION = YES;
				GCC_WARN_ABOUT_RETURN_TYPE = YES_ERROR;
				GCC_WARN_UNDECLARED_SELECTOR = YES;
				GCC_WARN_UNINITIALIZED_AUTOS = YES_AGGRESSIVE;
				GCC_WARN_UNUSED_FUNCTION = YES;
				GCC_WARN_UNUSED_VARIABLE = YES;
				IPHONEOS_DEPLOYMENT_TARGET = 9.3;
				MTL_ENABLE_DEBUG_INFO = NO;
				SDKROOT = iphoneos;
				VALIDATE_PRODUCT = YES;
			};
			name = Release;
		};
		E43B666C1CDD124100406710 /* Debug */ = {
			isa = XCBuildConfiguration;
			buildSettings = {
				ASSETCATALOG_COMPILER_APPICON_NAME = AppIcon;
				CODE_SIGN_IDENTITY = "iPhone Developer";
				INFOPLIST_FILE = OstModernApp/Info.plist;
				LD_RUNPATH_SEARCH_PATHS = "$(inherited) @executable_path/Frameworks";
				PRODUCT_BUNDLE_IDENTIFIER = Guowei.OstModernApp;
				PRODUCT_NAME = "$(TARGET_NAME)";
			};
			name = Debug;
		};
		E43B666D1CDD124100406710 /* Release */ = {
			isa = XCBuildConfiguration;
			buildSettings = {
				ASSETCATALOG_COMPILER_APPICON_NAME = AppIcon;
				CODE_SIGN_IDENTITY = "iPhone Developer";
				INFOPLIST_FILE = OstModernApp/Info.plist;
				LD_RUNPATH_SEARCH_PATHS = "$(inherited) @executable_path/Frameworks";
				PRODUCT_BUNDLE_IDENTIFIER = Guowei.OstModernApp;
				PRODUCT_NAME = "$(TARGET_NAME)";
			};
			name = Release;
		};
		E43B666F1CDD124100406710 /* Debug */ = {
			isa = XCBuildConfiguration;
			buildSettings = {
				BUNDLE_LOADER = "$(TEST_HOST)";
				INFOPLIST_FILE = OstModernAppTests/Info.plist;
				LD_RUNPATH_SEARCH_PATHS = "$(inherited) @executable_path/Frameworks @loader_path/Frameworks";
				PRODUCT_BUNDLE_IDENTIFIER = Guowei.OstModernAppTests;
				PRODUCT_NAME = "$(TARGET_NAME)";
				TEST_HOST = "$(BUILT_PRODUCTS_DIR)/OstModernApp.app/OstModernApp";
			};
			name = Debug;
		};
		E43B66701CDD124100406710 /* Release */ = {
			isa = XCBuildConfiguration;
			buildSettings = {
				BUNDLE_LOADER = "$(TEST_HOST)";
				INFOPLIST_FILE = OstModernAppTests/Info.plist;
				LD_RUNPATH_SEARCH_PATHS = "$(inherited) @executable_path/Frameworks @loader_path/Frameworks";
				PRODUCT_BUNDLE_IDENTIFIER = Guowei.OstModernAppTests;
				PRODUCT_NAME = "$(TARGET_NAME)";
				TEST_HOST = "$(BUILT_PRODUCTS_DIR)/OstModernApp.app/OstModernApp";
			};
			name = Release;
		};
		E43B66721CDD124100406710 /* Debug */ = {
			isa = XCBuildConfiguration;
			buildSettings = {
				INFOPLIST_FILE = OstModernAppUITests/Info.plist;
				LD_RUNPATH_SEARCH_PATHS = "$(inherited) @executable_path/Frameworks @loader_path/Frameworks";
				PRODUCT_BUNDLE_IDENTIFIER = Guowei.OstModernAppUITests;
				PRODUCT_NAME = "$(TARGET_NAME)";
				TEST_TARGET_NAME = OstModernApp;
			};
			name = Debug;
		};
		E43B66731CDD124100406710 /* Release */ = {
			isa = XCBuildConfiguration;
			buildSettings = {
				INFOPLIST_FILE = OstModernAppUITests/Info.plist;
				LD_RUNPATH_SEARCH_PATHS = "$(inherited) @executable_path/Frameworks @loader_path/Frameworks";
				PRODUCT_BUNDLE_IDENTIFIER = Guowei.OstModernAppUITests;
				PRODUCT_NAME = "$(TARGET_NAME)";
				TEST_TARGET_NAME = OstModernApp;
			};
			name = Release;
		};
/* End XCBuildConfiguration section */

/* Begin XCConfigurationList section */
		E43B66391CDD124100406710 /* Build configuration list for PBXProject "OstModernApp" */ = {
			isa = XCConfigurationList;
			buildConfigurations = (
				E43B66691CDD124100406710 /* Debug */,
				E43B666A1CDD124100406710 /* Release */,
			);
			defaultConfigurationIsVisible = 0;
			defaultConfigurationName = Release;
		};
		E43B666B1CDD124100406710 /* Build configuration list for PBXNativeTarget "OstModernApp" */ = {
			isa = XCConfigurationList;
			buildConfigurations = (
				E43B666C1CDD124100406710 /* Debug */,
				E43B666D1CDD124100406710 /* Release */,
			);
			defaultConfigurationIsVisible = 0;
			defaultConfigurationName = Release;
		};
		E43B666E1CDD124100406710 /* Build configuration list for PBXNativeTarget "OstModernAppTests" */ = {
			isa = XCConfigurationList;
			buildConfigurations = (
				E43B666F1CDD124100406710 /* Debug */,
				E43B66701CDD124100406710 /* Release */,
			);
			defaultConfigurationIsVisible = 0;
			defaultConfigurationName = Release;
		};
		E43B66711CDD124100406710 /* Build configuration list for PBXNativeTarget "OstModernAppUITests" */ = {
			isa = XCConfigurationList;
			buildConfigurations = (
				E43B66721CDD124100406710 /* Debug */,
				E43B66731CDD124100406710 /* Release */,
			);
			defaultConfigurationIsVisible = 0;
			defaultConfigurationName = Release;
		};
/* End XCConfigurationList section */
	};
	rootObject = E43B66361CDD124100406710 /* Project object */;
}
